# THIS IS AN AUTOGENERATED FILE. DO NOT EDIT THIS FILE DIRECTLY.
# yarn lockfile v1


"@meteor-it/ajson@^0.4.19":
  version "0.4.19"
  resolved "https://registry.yarnpkg.com/@meteor-it/ajson/-/ajson-0.4.19.tgz#c3a4aad295e4ecb75da0e2a83e8bb00f679995ac"
  integrity sha512-0Lc9VmKysq+iHZLBqkVO4Zfdfd4L27sId4Auqbldr2jn2t0+RI+KGx7dQYgj8pTsjz3hsWDJSZzFLpGZ8Mi0dA==

"@meteor-it/fs@^1.2.14":
  version "1.2.14"
  resolved "https://registry.yarnpkg.com/@meteor-it/fs/-/fs-1.2.14.tgz#2508aa7615a2898366ce6a5f1ccbf1123d4fb01f"
  integrity sha512-tnoYlpd+glARO/6LsrP2OKeQHYdZgKqtB2IMDYAIU1MjNKzdylAtQX+eO4Y0BcdOFE/VsP17dGwcJNsHHmkOng==
  dependencies:
    "@meteor-it/utils" "^1.3.27"

"@meteor-it/logger@^2.3.38":
  version "2.3.38"
  resolved "https://registry.yarnpkg.com/@meteor-it/logger/-/logger-2.3.38.tgz#3b6dfc6bac3eee2a885636bd2fe0fca00fd2f887"
  integrity sha512-p+PqkCuSeCzUCyyAYNwC83S82itX0/1wRpeWa8oKfEkk1p9hiUKFlI+uQmDNHOPtBr0sAplcQ58ossQqvaaFGg==
  dependencies:
    "@meteor-it/terminal" "^0.5.23"
    "@meteor-it/utils" "^1.3.27"

"@meteor-it/mime@^0.4.21":
  version "0.4.21"
  resolved "https://registry.yarnpkg.com/@meteor-it/mime/-/mime-0.4.21.tgz#5ff235c3d6bcb40ed3df74392402504f5d74eac8"
  integrity sha512-hNxp40HduC3JiVk+s93cGGaWkqJBL6spw/n610t8XXHowlt6Np0vF209IloPnGlhlTPNZ4f9QHzu2g6kiHn9+g==

"@meteor-it/queue@^2.0.39":
  version "2.0.39"
  resolved "https://registry.yarnpkg.com/@meteor-it/queue/-/queue-2.0.39.tgz#7717d4dafa9b8230df02833d92b261c98b64a0cb"
  integrity sha512-RBx8MKYMUafo+pWEtX9poe7tlbr1O5QLQutxiwZoXKo186c+epyI5R2Heyzax8OJENJMhpZ9JOExJfZy8jbYqA==
  dependencies:
    "@meteor-it/logger" "^2.3.38"

"@meteor-it/router@^2.1.41":
  version "2.1.41"
  resolved "https://registry.yarnpkg.com/@meteor-it/router/-/router-2.1.41.tgz#5b03dbf983fa767789c07fa1ac19434275e14700"
  integrity sha512-Elkh7RM8iIC+nssv6kEKutdrqU1uDdaSpaHLCUzuWa45M+hK2t6mZHjK1Psw1x+h7dEYBzKsbpQnqTVgBgynFg==
  dependencies:
    "@meteor-it/logger" "^2.3.38"
    "@meteor-it/utils" "^1.3.27"

"@meteor-it/terminal@^0.5.23":
  version "0.5.23"
  resolved "https://registry.yarnpkg.com/@meteor-it/terminal/-/terminal-0.5.23.tgz#1e8d41ef90d628ad0f0022c01a9ac07611da5849"
  integrity sha512-PJFGDCrqUGVD8ASzu5r+ypsr8vk85N3abedaFJIsRsww3BRjsgu5sxi+k4+XQEetunYpHOncFa5yngkzrPCAhQ==

"@meteor-it/utils@^1.3.27":
  version "1.3.27"
  resolved "https://registry.yarnpkg.com/@meteor-it/utils/-/utils-1.3.27.tgz#6bf051b82ea48f8d008559c47a7d096d73f27e56"
  integrity sha512-5atoDs7D64XcqYYUG7MZkGaSEXeWtz7+OhW5hpodoGA8lEa75NniA8JA+wzSKoxgmTibuy2jJ2lcaz3dOrhNEw==

"@meteor-it/xpress@^4.2.60":
  version "4.2.60"
  resolved "https://registry.yarnpkg.com/@meteor-it/xpress/-/xpress-4.2.60.tgz#e87154103d6974de35b54541daf065e61b9a55d4"
  integrity sha512-oMqy7XPiZ3ukNw03YFp57hGK315Ii0MjH/AjHEdRKqHLg3wAGA26FWau6+NocCYrSAac5wvV0xim+FCbbwyhfw==
  dependencies:
    "@meteor-it/ajson" "^0.4.19"
    "@meteor-it/fs" "^1.2.14"
    "@meteor-it/logger" "^2.3.38"
    "@meteor-it/mime" "^0.4.21"
    "@meteor-it/router" "^2.1.41"
    "@meteor-it/utils" "^1.3.27"
    "@types/express-session" "^1.15.14"
    express-session "^1.16.2"
    ws "^7.1.2"

"@meteor-it/xrest@^1.3.48":
  version "1.3.48"
  resolved "https://registry.yarnpkg.com/@meteor-it/xrest/-/xrest-1.3.48.tgz#a30a4cfb38bc78a6f0273ed4465e01b9ba608f7e"
  integrity sha512-R3tAFquYCy+6jOlvAs2uoYoGP1/HVOojEJ459S+v/bBs7UVXHvQjV0YhozusZw0Avy9Wcv3ZdyhOVq7STYxnlQ==
  dependencies:
    "@meteor-it/fs" "^1.2.14"
    "@meteor-it/logger" "^2.3.38"
    iconv-lite "^0.4.24"

"@types/body-parser@*":
  version "1.17.1"
  resolved "https://registry.yarnpkg.com/@types/body-parser/-/body-parser-1.17.1.tgz#18fcf61768fb5c30ccc508c21d6fd2e8b3bf7897"
  integrity sha512-RoX2EZjMiFMjZh9lmYrwgoP9RTpAjSHiJxdp4oidAQVO02T7HER3xj9UKue5534ULWeqVEkujhWcyvUce+d68w==
  dependencies:
    "@types/connect" "*"
    "@types/node" "*"

"@types/cloneable-readable@^2.0.0":
  version "2.0.0"
  resolved "https://registry.yarnpkg.com/@types/cloneable-readable/-/cloneable-readable-2.0.0.tgz#b5bc6602d4771a5db9d80f3867427e9da5f68a63"
  integrity sha512-Q9fTsA3hEbOXmGIZ7StMunr/SCvtdfXDfJcDadYk/MPbS3Xh/fWCsdhW26NVx1XNNcX3SkdBqPkfbOiD6p3q2Q==
  dependencies:
    "@types/node" "*"

"@types/connect@*":
  version "3.4.32"
  resolved "https://registry.yarnpkg.com/@types/connect/-/connect-3.4.32.tgz#aa0e9616b9435ccad02bc52b5b454ffc2c70ba28"
  integrity sha512-4r8qa0quOvh7lGD0pre62CAb1oni1OO6ecJLGCezTmhQ8Fz50Arx9RUszryR8KlgK6avuSXvviL6yWyViQABOg==
  dependencies:
    "@types/node" "*"

"@types/express-serve-static-core@*":
  version "4.16.10"
  resolved "https://registry.yarnpkg.com/@types/express-serve-static-core/-/express-serve-static-core-4.16.10.tgz#3c1313c6e6b75594561b473a286f016a9abf2132"
  integrity sha512-gM6evDj0OvTILTRKilh9T5dTaGpv1oYiFcJAfgSejuMJgGJUsD9hKEU2lB4aiTNy4WwChxRnjfYFuBQsULzsJw==
  dependencies:
    "@types/node" "*"
    "@types/range-parser" "*"

"@types/express-session@^1.15.14":
  version "1.15.15"
  resolved "https://registry.yarnpkg.com/@types/express-session/-/express-session-1.15.15.tgz#8e2e2b2ffd4e2ac62465a8ff78fff30ed81a8c8f"
  integrity sha512-D75AXBID8QBz0faDgkZd71VY/X1dk7ow2OeQsef7D+dWDtvtWlGcTaD12NPttdNLKdXUDWvJ5hrE2vEfcUoJgQ==
  dependencies:
    "@types/express" "*"
    "@types/node" "*"

"@types/express@*":
  version "4.17.1"
  resolved "https://registry.yarnpkg.com/@types/express/-/express-4.17.1.tgz#4cf7849ae3b47125a567dfee18bfca4254b88c5c"
  integrity sha512-VfH/XCP0QbQk5B5puLqTLEeFgR8lfCJHZJKkInZ9mkYd+u8byX0kztXEQxEk4wZXJs8HI+7km2ALXjn4YKcX9w==
  dependencies:
    "@types/body-parser" "*"
    "@types/express-serve-static-core" "*"
    "@types/serve-static" "*"

"@types/jasmine@^3.4.4":
  version "3.4.4"
  resolved "https://registry.yarnpkg.com/@types/jasmine/-/jasmine-3.4.4.tgz#be3fbd73e72725edb44e6f7f509cd52912d1550c"
  integrity sha512-+/sHcTPyDS1JQacDRRRWb+vNrjBwnD+cKvTaWlxlJ/uOOFvzCkjOwNaqVjYMLfsjzNi0WtDH9RyReDXPG1Cdug==

"@types/mime@*":
  version "2.0.1"
  resolved "https://registry.yarnpkg.com/@types/mime/-/mime-2.0.1.tgz#dc488842312a7f075149312905b5e3c0b054c79d"
  integrity sha512-FwI9gX75FgVBJ7ywgnq/P7tw+/o1GUbtP0KzbtusLigAOgIgNISRK0ZPl4qertvXSIE8YbsVJueQ90cDt9YYyw==

"@types/node@*", "@types/node@^12.11.7":
  version "12.11.7"
  resolved "https://registry.yarnpkg.com/@types/node/-/node-12.11.7.tgz#57682a9771a3f7b09c2497f28129a0462966524a"
  integrity sha512-JNbGaHFCLwgHn/iCckiGSOZ1XYHsKFwREtzPwSGCVld1SGhOlmZw2D4ZI94HQCrBHbADzW9m4LER/8olJTRGHA==

"@types/range-parser@*":
  version "1.2.3"
  resolved "https://registry.yarnpkg.com/@types/range-parser/-/range-parser-1.2.3.tgz#7ee330ba7caafb98090bece86a5ee44115904c2c"
  integrity sha512-ewFXqrQHlFsgc09MK5jP5iR7vumV/BYayNC6PgJO2LPe8vrnNFyjQjSppfEngITi0qvfKtzFvgKymGheFM9UOA==

"@types/serve-static@*":
  version "1.13.3"
  resolved "https://registry.yarnpkg.com/@types/serve-static/-/serve-static-1.13.3.tgz#eb7e1c41c4468272557e897e9171ded5e2ded9d1"
  integrity sha512-oprSwp094zOglVrXdlo/4bAHtKTAxX6VT8FOZlBKrmyLbNvE1zxZyJ6yikMVtHIvwP45+ZQGJn+FdXGKTozq0g==
  dependencies:
    "@types/express-serve-static-core" "*"
    "@types/mime" "*"

"@types/temp@^0.8.34":
  version "0.8.34"
  resolved "https://registry.yarnpkg.com/@types/temp/-/temp-0.8.34.tgz#03e4b3cb67cbb48c425bbf54b12230fef85540ac"
  integrity sha512-oLa9c5LHXgS6UimpEVp08De7QvZ+Dfu5bMQuWyMhf92Z26Q10ubEMOWy9OEfUdzW7Y/sDWVHmUaLFtmnX/2j0w==
  dependencies:
    "@types/node" "*"

async-limiter@^1.0.0:
  version "1.0.1"
  resolved "https://registry.yarnpkg.com/async-limiter/-/async-limiter-1.0.1.tgz#dd379e94f0db8310b08291f9d64c3209766617fd"
  integrity sha512-csOlWGAcRFJaI6m+F2WKdnMKr4HhdhFVBk0H/QbJFMCr+uO2kwohwXQPxw/9OCxp05r5ghVBFSyioixx3gfkNQ==

balanced-match@^1.0.0:
  version "1.0.0"
  resolved "https://registry.yarnpkg.com/balanced-match/-/balanced-match-1.0.0.tgz#89b4d199ab2bee49de164ea02b89ce462d71b767"
  integrity sha1-ibTRmasr7kneFk6gK4nORi1xt2c=

brace-expansion@^1.1.7:
  version "1.1.11"
  resolved "https://registry.yarnpkg.com/brace-expansion/-/brace-expansion-1.1.11.tgz#3c7fcbf529d87226f3d2f52b966ff5271eb441dd"
  integrity sha512-iCuPHDFgrHX7H2vEI/5xpz07zSHB00TpugqhmYtVmMO6518mCuRMoOYFldEBl0g187ufozdaHgWKcYFb61qGiA==
  dependencies:
    balanced-match "^1.0.0"
    concat-map "0.0.1"

cloneable-readable@^2.0.1:
  version "2.0.1"
  resolved "https://registry.yarnpkg.com/cloneable-readable/-/cloneable-readable-2.0.1.tgz#fc2240beddbe5621b872acad8104dcc86574e225"
  integrity sha512-1ke/wckhpSevGPQzKb+qGHMsuFrSUKQlsKh0PTmscmfAzw8MgONqrg5a0e0Un1YO/cOSS4wAepfXSGus5RoonQ==
  dependencies:
    inherits "^2.0.1"
    readable-stream "^3.3.0"

concat-map@0.0.1:
  version "0.0.1"
  resolved "https://registry.yarnpkg.com/concat-map/-/concat-map-0.0.1.tgz#d8a96bd77fd68df7793a73036a3ba0d5405d477b"
  integrity sha1-2Klr13/Wjfd5OnMDajug1UBdR3s=

cookie-signature@1.0.6:
  version "1.0.6"
  resolved "https://registry.yarnpkg.com/cookie-signature/-/cookie-signature-1.0.6.tgz#e303a882b342cc3ee8ca513a79999734dab3ae2c"
  integrity sha1-4wOogrNCzD7oylE6eZmXNNqzriw=

cookie@0.4.0:
  version "0.4.0"
  resolved "https://registry.yarnpkg.com/cookie/-/cookie-0.4.0.tgz#beb437e7022b3b6d49019d088665303ebe9c14ba"
  integrity sha512-+Hp8fLp57wnUSt0tY0tHEXh4voZRDnoIrZPqlo3DPiI4y9lwg/jqx+1Om94/W6ZaPDOUbnjOt/99w66zk+l1Xg==

debug@2.6.9:
  version "2.6.9"
  resolved "https://registry.yarnpkg.com/debug/-/debug-2.6.9.tgz#5d128515df134ff327e90a4c93f4e077a536341f"
  integrity sha512-bC7ElrdJaJnPbAP+1EotYvqZsb3ecl5wi6Bfi6BJTUcNowp6cvspg0jXznRTKDjm/E7AdgFBVeAPVMNcKGsHMA==
  dependencies:
    ms "2.0.0"

define-properties@^1.1.3:
  version "1.1.3"
  resolved "https://registry.yarnpkg.com/define-properties/-/define-properties-1.1.3.tgz#cf88da6cbee26fe6db7094f61d870cbd84cee9f1"
  integrity sha512-3MqfYKj2lLzdMSf8ZIZE/V+Zuy+BgD6f164e8K2w7dgnpKArBDerGYpM46IYYcjnkdPNMjPk9A6VFB8+3SKlXQ==
  dependencies:
    object-keys "^1.0.12"

depd@~2.0.0:
  version "2.0.0"
  resolved "https://registry.yarnpkg.com/depd/-/depd-2.0.0.tgz#b696163cc757560d09cf22cc8fad1571b79e76df"
  integrity sha512-g7nH6P6dyDioJogAAGprGpCtVImJhpPk/roCzdb3fIh61/s/nPsfR6onyMwkCAR/OlC3yBC0lESvUoQEAssIrw==

es-abstract@^1.12.0:
  version "1.16.0"
  resolved "https://registry.yarnpkg.com/es-abstract/-/es-abstract-1.16.0.tgz#d3a26dc9c3283ac9750dca569586e976d9dcc06d"
  integrity sha512-xdQnfykZ9JMEiasTAJZJdMWCQ1Vm00NBw79/AWi7ELfZuuPCSOMDZbT9mkOfSctVtfhb+sAAzrm+j//GjjLHLg==
  dependencies:
    es-to-primitive "^1.2.0"
    function-bind "^1.1.1"
    has "^1.0.3"
    has-symbols "^1.0.0"
    is-callable "^1.1.4"
    is-regex "^1.0.4"
    object-inspect "^1.6.0"
    object-keys "^1.1.1"
    string.prototype.trimleft "^2.1.0"
    string.prototype.trimright "^2.1.0"

es-to-primitive@^1.2.0:
  version "1.2.0"
  resolved "https://registry.yarnpkg.com/es-to-primitive/-/es-to-primitive-1.2.0.tgz#edf72478033456e8dda8ef09e00ad9650707f377"
  integrity sha512-qZryBOJjV//LaxLTV6UC//WewneB3LcXOL9NP++ozKVXsIIIpm/2c13UDiD9Jp2eThsecw9m3jPqDwTyobcdbg==
  dependencies:
    is-callable "^1.1.4"
    is-date-object "^1.0.1"
    is-symbol "^1.0.2"

express-session@^1.16.2:
  version "1.17.0"
  resolved "https://registry.yarnpkg.com/express-session/-/express-session-1.17.0.tgz#9b50dbb5e8a03c3537368138f072736150b7f9b3"
  integrity sha512-t4oX2z7uoSqATbMfsxWMbNjAL0T5zpvcJCk3Z9wnPPN7ibddhnmDZXHfEcoBMG2ojKXZoCyPMc5FbtK+G7SoDg==
  dependencies:
    cookie "0.4.0"
    cookie-signature "1.0.6"
    debug "2.6.9"
    depd "~2.0.0"
    on-headers "~1.0.2"
    parseurl "~1.3.3"
    safe-buffer "5.2.0"
    uid-safe "~2.1.5"

fs.realpath@^1.0.0:
  version "1.0.0"
  resolved "https://registry.yarnpkg.com/fs.realpath/-/fs.realpath-1.0.0.tgz#1504ad2523158caa40db4a2787cb01411994ea4f"
  integrity sha1-FQStJSMVjKpA20onh8sBQRmU6k8=

function-bind@^1.1.1:
  version "1.1.1"
  resolved "https://registry.yarnpkg.com/function-bind/-/function-bind-1.1.1.tgz#a56899d3ea3c9bab874bb9773b7c5ede92f4895d"
  integrity sha512-yIovAzMX49sF8Yl58fSCWJ5svSLuaibPxXQJFLmBObTuCr0Mf1KiPopGM9NiFjiYBCbfaa2Fh6breQ6ANVTI0A==

glob@^7.1.3, glob@^7.1.4:
  version "7.1.5"
  resolved "https://registry.yarnpkg.com/glob/-/glob-7.1.5.tgz#6714c69bee20f3c3e64c4dd905553e532b40cdc0"
  integrity sha512-J9dlskqUXK1OeTOYBEn5s8aMukWMwWfs+rPTn/jn50Ux4MNXVhubL1wu/j2t+H4NVI+cXEcCaYellqaPVGXNqQ==
  dependencies:
    fs.realpath "^1.0.0"
    inflight "^1.0.4"
    inherits "2"
    minimatch "^3.0.4"
    once "^1.3.0"
    path-is-absolute "^1.0.0"

has-symbols@^1.0.0:
  version "1.0.0"
  resolved "https://registry.yarnpkg.com/has-symbols/-/has-symbols-1.0.0.tgz#ba1a8f1af2a0fc39650f5c850367704122063b44"
  integrity sha1-uhqPGvKg/DllD1yFA2dwQSIGO0Q=

has@^1.0.1, has@^1.0.3:
  version "1.0.3"
  resolved "https://registry.yarnpkg.com/has/-/has-1.0.3.tgz#722d7cbfc1f6aa8241f16dd814e011e1f41e8796"
  integrity sha512-f2dvO0VU6Oej7RkWJGrehjbzMAjFp5/VKPp5tTpWIV4JHHZK1/BxbFRtf/siA2SWTe09caDmVtYYzWEIbBS4zw==
  dependencies:
    function-bind "^1.1.1"

iconv-lite@^0.4.24:
  version "0.4.24"
  resolved "https://registry.yarnpkg.com/iconv-lite/-/iconv-lite-0.4.24.tgz#2022b4b25fbddc21d2f524974a474aafe733908b"
  integrity sha512-v3MXnZAcvnywkTUEZomIActle7RXXeedOR31wwl7VlyoXO4Qi9arvSenNQWne1TcRwhCL1HwLI21bEqdpj8/rA==
  dependencies:
    safer-buffer ">= 2.1.2 < 3"

inflight@^1.0.4:
  version "1.0.6"
  resolved "https://registry.yarnpkg.com/inflight/-/inflight-1.0.6.tgz#49bd6331d7d02d0c09bc910a1075ba8165b56df9"
  integrity sha1-Sb1jMdfQLQwJvJEKEHW6gWW1bfk=
  dependencies:
    once "^1.3.0"
    wrappy "1"

inherits@2, inherits@^2.0.1, inherits@^2.0.3:
  version "2.0.4"
  resolved "https://registry.yarnpkg.com/inherits/-/inherits-2.0.4.tgz#0fa2c64f932917c3433a0ded55363aae37416b7c"
  integrity sha512-k/vGaX4/Yla3WzyMCvTQOXYeIHvqOKtnqBduzTHpzpQZzAskKMhZ2K+EnBiSM9zGSoIFeMpXKxa4dYeZIQqewQ==

is-arrow-function@^2.0.3:
  version "2.0.3"
  resolved "https://registry.yarnpkg.com/is-arrow-function/-/is-arrow-function-2.0.3.tgz#29be2c2d8d9450852b8bbafb635ba7b8d8e87ec2"
  integrity sha1-Kb4sLY2UUIUri7r7Y1unuNjofsI=
  dependencies:
    is-callable "^1.0.4"

is-boolean-object@^1.0.0:
  version "1.0.0"
  resolved "https://registry.yarnpkg.com/is-boolean-object/-/is-boolean-object-1.0.0.tgz#98f8b28030684219a95f375cfbd88ce3405dff93"
  integrity sha1-mPiygDBoQhmpXzdc+9iM40Bd/5M=

is-callable@^1.0.4, is-callable@^1.1.3, is-callable@^1.1.4:
  version "1.1.4"
  resolved "https://registry.yarnpkg.com/is-callable/-/is-callable-1.1.4.tgz#1e1adf219e1eeb684d691f9d6a05ff0d30a24d75"
  integrity sha512-r5p9sxJjYnArLjObpjA4xu5EKI3CuKHkJXMhT7kwbpUyIFD1n5PMAsoPvWnvtZiNz7LjkYDRZhd7FlI0eMijEA==

is-date-object@^1.0.1:
  version "1.0.1"
  resolved "https://registry.yarnpkg.com/is-date-object/-/is-date-object-1.0.1.tgz#9aa20eb6aeebbff77fbd33e74ca01b33581d3a16"
  integrity sha1-mqIOtq7rv/d/vTPnTKAbM1gdOhY=

is-equal@^1.5.5:
  version "1.5.5"
  resolved "https://registry.yarnpkg.com/is-equal/-/is-equal-1.5.5.tgz#5e85f1957e052883247feb386965a3bba15fbb3d"
  integrity sha1-XoXxlX4FKIMkf+s4aWWju6Ffuz0=
  dependencies:
    has "^1.0.1"
    is-arrow-function "^2.0.3"
    is-boolean-object "^1.0.0"
    is-callable "^1.1.3"
    is-date-object "^1.0.1"
    is-generator-function "^1.0.6"
    is-number-object "^1.0.3"
    is-regex "^1.0.3"
    is-string "^1.0.4"
    is-symbol "^1.0.1"
    object.entries "^1.0.4"

is-generator-function@^1.0.6:
  version "1.0.7"
  resolved "https://registry.yarnpkg.com/is-generator-function/-/is-generator-function-1.0.7.tgz#d2132e529bb0000a7f80794d4bdf5cd5e5813522"
  integrity sha512-YZc5EwyO4f2kWCax7oegfuSr9mFz1ZvieNYBEjmukLxgXfBUbxAWGVF7GZf0zidYtoBl3WvC07YK0wT76a+Rtw==

is-number-object@^1.0.3:
  version "1.0.3"
  resolved "https://registry.yarnpkg.com/is-number-object/-/is-number-object-1.0.3.tgz#f265ab89a9f445034ef6aff15a8f00b00f551799"
  integrity sha1-8mWrian0RQNO9q/xWo8AsA9VF5k=

is-regex@^1.0.3, is-regex@^1.0.4:
  version "1.0.4"
  resolved "https://registry.yarnpkg.com/is-regex/-/is-regex-1.0.4.tgz#5517489b547091b0930e095654ced25ee97e9491"
  integrity sha1-VRdIm1RwkbCTDglWVM7SXul+lJE=
  dependencies:
    has "^1.0.1"

is-stream@^2.0.0:
  version "2.0.0"
  resolved "https://registry.yarnpkg.com/is-stream/-/is-stream-2.0.0.tgz#bde9c32680d6fae04129d6ac9d921ce7815f78e3"
  integrity sha512-XCoy+WlUr7d1+Z8GgSuXmpuUFC9fOhRXglJMx+dwLKTkL44Cjd4W1Z5P+BQZpr+cR93aGP4S/s7Ftw6Nd/kiEw==

is-string@^1.0.4:
  version "1.0.4"
  resolved "https://registry.yarnpkg.com/is-string/-/is-string-1.0.4.tgz#cc3a9b69857d621e963725a24caeec873b826e64"
  integrity sha1-zDqbaYV9Yh6WNyWiTK7shzuCbmQ=

is-symbol@^1.0.1, is-symbol@^1.0.2:
  version "1.0.2"
  resolved "https://registry.yarnpkg.com/is-symbol/-/is-symbol-1.0.2.tgz#a055f6ae57192caee329e7a860118b497a950f38"
  integrity sha512-HS8bZ9ox60yCJLH9snBpIwv9pYUAkcuLhSA1oero1UB5y9aiQpRA8y2ex945AOtCZL1lJDeIk3G5LthswI46Lw==
  dependencies:
    has-symbols "^1.0.0"

jasmine-core@~3.5.0:
  version "3.5.0"
  resolved "https://registry.yarnpkg.com/jasmine-core/-/jasmine-core-3.5.0.tgz#132c23e645af96d85c8bca13c8758b18429fc1e4"
  integrity sha512-nCeAiw37MIMA9w9IXso7bRaLl+c/ef3wnxsoSAlYrzS+Ot0zTG6nU8G/cIfGkqpkjX2wNaIW9RFG0TwIFnG6bA==

jasmine@^3.5.0:
  version "3.5.0"
  resolved "https://registry.yarnpkg.com/jasmine/-/jasmine-3.5.0.tgz#7101eabfd043a1fc82ac24e0ab6ec56081357f9e"
  integrity sha512-DYypSryORqzsGoMazemIHUfMkXM7I7easFaxAvNM3Mr6Xz3Fy36TupTrAOxZWN8MVKEU5xECv22J4tUQf3uBzQ==
  dependencies:
    glob "^7.1.4"
    jasmine-core "~3.5.0"

minimatch@^3.0.4:
  version "3.0.4"
  resolved "https://registry.yarnpkg.com/minimatch/-/minimatch-3.0.4.tgz#5166e286457f03306064be5497e8dbb0c3d32083"
  integrity sha512-yJHVQEhyqPLUTgt9B83PXu6W3rx4MvvHvSUvToogpwoGDOUQ+yDrR0HRot+yOCdCO7u4hX3pWft6kWBBcqh0UA==
  dependencies:
    brace-expansion "^1.1.7"

ms@2.0.0:
  version "2.0.0"
  resolved "https://registry.yarnpkg.com/ms/-/ms-2.0.0.tgz#5608aeadfc00be6c2901df5f9861788de0d597c8"
  integrity sha1-VgiurfwAvmwpAd9fmGF4jeDVl8g=

nonenumerable@^1.1.1:
  version "1.1.1"
  resolved "https://registry.yarnpkg.com/nonenumerable/-/nonenumerable-1.1.1.tgz#35f74d66a2571a09f25bc143c87324ec7dd0e4ff"
  integrity sha512-ptUD9w9D8WqW6fuJJkZNCImkf+0vdbgUTbRK3i7jsy3olqtH96hYE6Q/S3Tx9NWbcB/ocAjYshXCAUP0lZ9B4Q==

object-inspect@^1.6.0:
  version "1.6.0"
  resolved "https://registry.yarnpkg.com/object-inspect/-/object-inspect-1.6.0.tgz#c70b6cbf72f274aab4c34c0c82f5167bf82cf15b"
  integrity sha512-GJzfBZ6DgDAmnuaM3104jR4s1Myxr3Y3zfIyN4z3UdqN69oSRacNK8UhnobDdC+7J2AHCjGwxQubNJfE70SXXQ==

object-keys@^1.0.12, object-keys@^1.1.1:
  version "1.1.1"
  resolved "https://registry.yarnpkg.com/object-keys/-/object-keys-1.1.1.tgz#1c47f272df277f3b1daf061677d9c82e2322c60e"
  integrity sha512-NuAESUOUMrlIXOfHKzD6bpPu3tYt3xvjNdRIQ+FeT0lNb4K8WR70CaDxhuNguS2XG+GjkyMwOzsN5ZktImfhLA==

object.entries@^1.0.4:
  version "1.1.0"
  resolved "https://registry.yarnpkg.com/object.entries/-/object.entries-1.1.0.tgz#2024fc6d6ba246aee38bdb0ffd5cfbcf371b7519"
  integrity sha512-l+H6EQ8qzGRxbkHOd5I/aHRhHDKoQXQ8g0BYt4uSweQU1/J6dZUOyWh9a2Vky35YCKjzmgxOzta2hH6kf9HuXA==
  dependencies:
    define-properties "^1.1.3"
    es-abstract "^1.12.0"
    function-bind "^1.1.1"
    has "^1.0.3"

on-headers@~1.0.2:
  version "1.0.2"
  resolved "https://registry.yarnpkg.com/on-headers/-/on-headers-1.0.2.tgz#772b0ae6aaa525c399e489adfad90c403eb3c28f"
  integrity sha512-pZAE+FJLoyITytdqK0U5s+FIpjN0JP3OzFi/u8Rx+EV5/W+JTWGXG8xFzevE7AjBfDqHv/8vL8qQsIhHnqRkrA==

once@^1.3.0:
  version "1.4.0"
  resolved "https://registry.yarnpkg.com/once/-/once-1.4.0.tgz#583b1aa775961d4b113ac17d9c50baef9dd76bd1"
  integrity sha1-WDsap3WWHUsROsF9nFC6753Xa9E=
  dependencies:
    wrappy "1"

parseurl@~1.3.3:
  version "1.3.3"
  resolved "https://registry.yarnpkg.com/parseurl/-/parseurl-1.3.3.tgz#9da19e7bee8d12dff0513ed5b76957793bc2e8d4"
  integrity sha512-CiyeOxFT/JZyN5m0z9PfXw4SCBJ6Sygz1Dpl0wqjlhDEGGBP1GnsUVEL0p63hoG1fcj3fHynXi9NYO4nWOL+qQ==

path-is-absolute@^1.0.0:
  version "1.0.1"
  resolved "https://registry.yarnpkg.com/path-is-absolute/-/path-is-absolute-1.0.1.tgz#174b9268735534ffbc7ace6bf53a5a9e1b5c5f5f"
  integrity sha1-F0uSaHNVNP+8es5r9TpanhtcX18=

random-bytes@~1.0.0:
  version "1.0.0"
  resolved "https://registry.yarnpkg.com/random-bytes/-/random-bytes-1.0.0.tgz#4f68a1dc0ae58bd3fb95848c30324db75d64360b"
  integrity sha1-T2ih3Arli9P7lYSMMDJNt11kNgs=

readable-stream@^3.3.0:
  version "3.4.0"
  resolved "https://registry.yarnpkg.com/readable-stream/-/readable-stream-3.4.0.tgz#a51c26754658e0a3c21dbf59163bd45ba6f447fc"
  integrity sha512-jItXPLmrSR8jmTRmRWJXCnGJsfy85mB3Wd/uINMXA65yrnFo0cPClFIUWzo2najVNSl+mx7/4W8ttlLWJe99pQ==
  dependencies:
    inherits "^2.0.3"
    string_decoder "^1.1.1"
    util-deprecate "^1.0.1"

rimraf@~2.6.2:
  version "2.6.3"
  resolved "https://registry.yarnpkg.com/rimraf/-/rimraf-2.6.3.tgz#b2d104fe0d8fb27cf9e0a1cda8262dd3833c6cab"
  integrity sha512-mwqeW5XsA2qAejG46gYdENaxXjx9onRNCfn7L0duuP4hCuTIi/QO7PDK07KJfp1d+izWPrzEJDcSqBa0OZQriA==
  dependencies:
    glob "^7.1.3"

safe-buffer@5.2.0, safe-buffer@~5.2.0:
  version "5.2.0"
  resolved "https://registry.yarnpkg.com/safe-buffer/-/safe-buffer-5.2.0.tgz#b74daec49b1148f88c64b68d49b1e815c1f2f519"
  integrity sha512-fZEwUGbVl7kouZs1jCdMLdt95hdIv0ZeHg6L7qPeciMZhZ+/gdesW4wgTARkrFWEpspjEATAzUGPG8N2jJiwbg==

"safer-buffer@>= 2.1.2 < 3":
  version "2.1.2"
  resolved "https://registry.yarnpkg.com/safer-buffer/-/safer-buffer-2.1.2.tgz#44fa161b0187b9549dd84bb91802f9bd8385cd6a"
  integrity sha512-YZo3K82SD7Riyi0E1EQPojLz7kpepnSQI9IyPbHHg1XXXevb5dJI7tpyN2ADxGcQbHG7vcyRHk0cbwqcQriUtg==

stream-now@^1.1.1:
  version "1.1.1"
  resolved "https://registry.yarnpkg.com/stream-now/-/stream-now-1.1.1.tgz#71317e348916510e7f82ae5c77200fb092c1c852"
  integrity sha512-K3n7sb2PMEByPO4WqPjN3MlxMTW1nG+GWzaGFe00T1ElU6keqDIWzBVS+Z+6kHb3nAXHONEXMjD0W2n/cYA7uw==
  dependencies:
    is-stream "^2.0.0"

string.prototype.trimleft@^2.1.0:
  version "2.1.0"
  resolved "https://registry.yarnpkg.com/string.prototype.trimleft/-/string.prototype.trimleft-2.1.0.tgz#6cc47f0d7eb8d62b0f3701611715a3954591d634"
  integrity sha512-FJ6b7EgdKxxbDxc79cOlok6Afd++TTs5szo+zJTUyow3ycrRfJVE2pq3vcN53XexvKZu/DJMDfeI/qMiZTrjTw==
  dependencies:
    define-properties "^1.1.3"
    function-bind "^1.1.1"

string.prototype.trimright@^2.1.0:
  version "2.1.0"
  resolved "https://registry.yarnpkg.com/string.prototype.trimright/-/string.prototype.trimright-2.1.0.tgz#669d164be9df9b6f7559fa8e89945b168a5a6c58"
  integrity sha512-fXZTSV55dNBwv16uw+hh5jkghxSnc5oHq+5K/gXgizHwAvMetdAJlHqqoFC1FSDVPYWLkAKl2cxpUT41sV7nSg==
  dependencies:
    define-properties "^1.1.3"
    function-bind "^1.1.1"

string_decoder@^1.1.1:
  version "1.3.0"
  resolved "https://registry.yarnpkg.com/string_decoder/-/string_decoder-1.3.0.tgz#42f114594a46cf1a8e30b0a84f56c78c3edac21e"
  integrity sha512-hkRX8U1WjJFd8LsDJ2yQ/wWWxaopEsABU1XfkM8A+j0+85JAGppt16cr1Whg6KIbb4okU6Mql6BOj+uup/wKeA==
  dependencies:
    safe-buffer "~5.2.0"

temp@^0.9.0:
  version "0.9.0"
  resolved "https://registry.yarnpkg.com/temp/-/temp-0.9.0.tgz#61391795a11bd9738d4c4d7f55f012cb8f55edaa"
  integrity sha512-YfUhPQCJoNQE5N+FJQcdPz63O3x3sdT4Xju69Gj4iZe0lBKOtnAMi0SLj9xKhGkcGhsxThvTJ/usxtFPo438zQ==
  dependencies:
    rimraf "~2.6.2"

uid-safe@~2.1.5:
  version "2.1.5"
  resolved "https://registry.yarnpkg.com/uid-safe/-/uid-safe-2.1.5.tgz#2b3d5c7240e8fc2e58f8aa269e5ee49c0857bd3a"
  integrity sha512-KPHm4VL5dDXKz01UuEd88Df+KzynaohSL9fBh096KWAxSKZQDI2uBrVqtvRM4rwrIrRRKsdLNML/lnaaVSRioA==
  dependencies:
    random-bytes "~1.0.0"

util-deprecate@^1.0.1:
  version "1.0.2"
  resolved "https://registry.yarnpkg.com/util-deprecate/-/util-deprecate-1.0.2.tgz#450d4dc9fa70de732762fbd2d4a28981419a0ccf"
  integrity sha1-RQ1Nyfpw3nMnYvvS1KKJgUGaDM8=

wrappy@1:
  version "1.0.2"
  resolved "https://registry.yarnpkg.com/wrappy/-/wrappy-1.0.2.tgz#b5243d8f3ec1aa35f1364605bc0d1036e30ab69f"
  integrity sha1-tSQ9jz7BqjXxNkYFvA0QNuMKtp8=

ws@^7.1.2:
  version "7.2.0"
  resolved "https://registry.yarnpkg.com/ws/-/ws-7.2.0.tgz#422eda8c02a4b5dba7744ba66eebbd84bcef0ec7"
  integrity sha512-+SqNqFbwTm/0DC18KYzIsMTnEWpLwJsiasW/O17la4iDRRIO9uaHbvKiAS3AHgTiuuWerK/brj4O6MYZkei9xg==
  dependencies:
    async-limiter "^1.0.0"

zarbis-platform-nix-amd64@^1.5.99:
  version "1.5.99"
  resolved "https://registry.yarnpkg.com/zarbis-platform-nix-amd64/-/zarbis-platform-nix-amd64-1.5.99.tgz#aff29056a5cae2a2f8e2d3a9bc810252395d5549"
  integrity sha512-jKQZz2YKv1xnAl/wOgH70cJxqVJ7HqJOoAcdZ0U4R4hVNuTAIVELwWL+wCuGz1x02o5lE+cx6iBwuEPJFyaaJw==

zarbis@^1.5.99:
  version "1.5.99"
  resolved "https://registry.yarnpkg.com/zarbis/-/zarbis-1.5.99.tgz#65fd3c84b1992398b1d74ee9a15968956d222ff0"
  integrity sha512-fG1jEZKtsSxIg6LhP/FIeoN7fAA7UNKiWM87dLCATmH2ZxW3QCMF/X/p9CxwqvFGbL2i7WQyNpOEF+iGzngMJA==
